
Microsoft Visual Studio Solution File, Format Version 12.00
# Visual Studio Version 16
VisualStudioVersion = 16.0.29306.81
MinimumVisualStudioVersion = 10.0.40219.1
Project("{FAE04EC0-301F-11D3-BF4B-00C04F79EFBC}") = "BinaryTree", "Binary Tree\BinaryTree.csproj", "{D1E8BDBD-6CF7-4F3D-BEC2-71D0D404159C}"
EndProject
Global
	GlobalSection(SolutionConfigurationPlatforms) = preSolution
		Debug|Any CPU = Debug|Any CPU
		Release|Any CPU = Release|Any CPU
	EndGlobalSection
	GlobalSection(ProjectConfigurationPlatforms) = postSolution
		{D1E8BDBD-6CF7-4F3D-BEC2-71D0D404159C}.Debug|Any CPU.ActiveCfg = Debug|Any CPU
		{D1E8BDBD-6CF7-4F3D-BEC2-71D0D404159C}.Debug|Any CPU.Build.0 = Debug|Any CPU
		{D1E8BDBD-6CF7-4F3D-BEC2-71D0D404159C}.Release|Any CPU.ActiveCfg = Release|Any CPU
		{D1E8BDBD-6CF7-4F3D-BEC2-71D0D404159C}.Release|Any CPU.Build.0 = Release|Any CPU
	EndGlobalSection
	GlobalSection(SolutionProperties) = preSolution
		HideSolutionNode = FALSE
	EndGlobalSection
	GlobalSection(ExtensibilityGlobals) = postSolution
		SolutionGuid = {F2448C78-6250-4926-BC91-B69FE66B8941}
	EndGlobalSection
EndGlobal
